// !$*UTF8*$!
{
	archiveVersion = 1;
	classes = {
	};
	objectVersion = 52;
	objects = {

/* Begin PBXBuildFile section */
		5318224D25690BBF00731A3E /* CityViewModel.swift in Sources */ = {isa = PBXBuildFile; fileRef = 5318224C25690BBF00731A3E /* CityViewModel.swift */; };
		5318225025690D0400731A3E /* CityViewModelMapper.swift in Sources */ = {isa = PBXBuildFile; fileRef = 5318224F25690D0400731A3E /* CityViewModelMapper.swift */; };
		531E450F25687BF600388852 /* LocalCity.swift in Sources */ = {isa = PBXBuildFile; fileRef = 531E450E25687BF600388852 /* LocalCity.swift */; };
		531E451325687C5600388852 /* CitiesStorage.swift in Sources */ = {isa = PBXBuildFile; fileRef = 531E451225687C5600388852 /* CitiesStorage.swift */; };
		531E451725687CB700388852 /* CitiesStorageMapper.swift in Sources */ = {isa = PBXBuildFile; fileRef = 531E451625687CB700388852 /* CitiesStorageMapper.swift */; };
		531E451B25687DF900388852 /* FavouriteCityService.swift in Sources */ = {isa = PBXBuildFile; fileRef = 531E451A25687DF900388852 /* FavouriteCityService.swift */; };
		5329887E25681A8200813C7A /* CleanAirModules.framework in Frameworks */ = {isa = PBXBuildFile; fileRef = 534178B52567FFCB00EB2D11 /* CleanAirModules.framework */; };
		5329887F25681A8200813C7A /* CleanAirModules.framework in Embed Frameworks */ = {isa = PBXBuildFile; fileRef = 534178B52567FFCB00EB2D11 /* CleanAirModules.framework */; settings = {ATTRIBUTES = (CodeSignOnCopy, RemoveHeadersOnCopy, ); }; };
		532988A025681CB000813C7A /* CountriesLoader.swift in Sources */ = {isa = PBXBuildFile; fileRef = 534177C42567428C00EB2D11 /* CountriesLoader.swift */; };
		532988A92568206100813C7A /* CountriesLoaderWithCaching.swift in Sources */ = {isa = PBXBuildFile; fileRef = 532988A82568206100813C7A /* CountriesLoaderWithCaching.swift */; };
		532988AF2568327300813C7A /* LocalCountryCache.swift in Sources */ = {isa = PBXBuildFile; fileRef = 532988AE2568327300813C7A /* LocalCountryCache.swift */; };
		534177482567314300EB2D11 /* ViewController.swift in Sources */ = {isa = PBXBuildFile; fileRef = 534177472567314300EB2D11 /* ViewController.swift */; };
		5341774D2567314400EB2D11 /* Assets.xcassets in Resources */ = {isa = PBXBuildFile; fileRef = 5341774C2567314400EB2D11 /* Assets.xcassets */; };
		534177502567314400EB2D11 /* LaunchScreen.storyboard in Resources */ = {isa = PBXBuildFile; fileRef = 5341774E2567314400EB2D11 /* LaunchScreen.storyboard */; };
		534177CB2567449900EB2D11 /* WeakRef.swift in Sources */ = {isa = PBXBuildFile; fileRef = 534177CA2567449900EB2D11 /* WeakRef.swift */; };
		534177D0256744F100EB2D11 /* CountriesUIComposer.swift in Sources */ = {isa = PBXBuildFile; fileRef = 534177CF256744F100EB2D11 /* CountriesUIComposer.swift */; };
		534177E52567C0D900EB2D11 /* AppDelegate.swift in Sources */ = {isa = PBXBuildFile; fileRef = 534177E42567C0D900EB2D11 /* AppDelegate.swift */; };
		534177F12567C1D300EB2D11 /* CountriesListSwiftUIView.swift in Sources */ = {isa = PBXBuildFile; fileRef = 534177F02567C1D300EB2D11 /* CountriesListSwiftUIView.swift */; };
		534177FB2567D12400EB2D11 /* CountriesListViewViewModel.swift in Sources */ = {isa = PBXBuildFile; fileRef = 534177FA2567D12400EB2D11 /* CountriesListViewViewModel.swift */; };
		534178142567E4CA00EB2D11 /* ResourceListSwiftUIViewAdapter.swift in Sources */ = {isa = PBXBuildFile; fileRef = 534178132567E4CA00EB2D11 /* ResourceListSwiftUIViewAdapter.swift */; };
		5341781F2567E9FA00EB2D11 /* CitiesListSwiftUIView.swift in Sources */ = {isa = PBXBuildFile; fileRef = 5341781E2567E9F900EB2D11 /* CitiesListSwiftUIView.swift */; };
		534178262567EA3100EB2D11 /* CitiesListViewViewModel.swift in Sources */ = {isa = PBXBuildFile; fileRef = 534178252567EA3100EB2D11 /* CitiesListViewViewModel.swift */; };
		5341782D2567EEC500EB2D11 /* CitiesUIComposer.swift in Sources */ = {isa = PBXBuildFile; fileRef = 5341782C2567EEC500EB2D11 /* CitiesUIComposer.swift */; };
		534178C5256800D300EB2D11 /* APIURL.swift in Sources */ = {isa = PBXBuildFile; fileRef = 534178002567D7AC00EB2D11 /* APIURL.swift */; };
		534178CA256800D900EB2D11 /* HTTPClient.swift in Sources */ = {isa = PBXBuildFile; fileRef = 5341775E256733C200EB2D11 /* HTTPClient.swift */; };
		534178CD256800EC00EB2D11 /* URLSessionHTTPClient.swift in Sources */ = {isa = PBXBuildFile; fileRef = 53417764256734E500EB2D11 /* URLSessionHTTPClient.swift */; };
		534178D42568011A00EB2D11 /* ResourceMapper.swift in Sources */ = {isa = PBXBuildFile; fileRef = 5341778A25673AE800EB2D11 /* ResourceMapper.swift */; };
		534178D92568013000EB2D11 /* ResourceLoader.swift in Sources */ = {isa = PBXBuildFile; fileRef = 534177692567354100EB2D11 /* ResourceLoader.swift */; };
		534178DC2568013900EB2D11 /* City.swift in Sources */ = {isa = PBXBuildFile; fileRef = 53417774256737F300EB2D11 /* City.swift */; };
		534178E32568014700EB2D11 /* CitiesLoader.swift in Sources */ = {isa = PBXBuildFile; fileRef = 534178292567EE2300EB2D11 /* CitiesLoader.swift */; };
		534178E62568015100EB2D11 /* CityMapper.swift in Sources */ = {isa = PBXBuildFile; fileRef = 534177792567386400EB2D11 /* CityMapper.swift */; };
		534178F02568017F00EB2D11 /* Country.swift in Sources */ = {isa = PBXBuildFile; fileRef = 53417780256739E500EB2D11 /* Country.swift */; };
		534178F52568018D00EB2D11 /* CountryMapper.swift in Sources */ = {isa = PBXBuildFile; fileRef = 5341778525673A6300EB2D11 /* CountryMapper.swift */; };
		534178FB256801CB00EB2D11 /* CleanAirModules.framework in Frameworks */ = {isa = PBXBuildFile; fileRef = 534178B52567FFCB00EB2D11 /* CleanAirModules.framework */; };
		534178FC256801CB00EB2D11 /* CleanAirModules.framework in Embed Frameworks */ = {isa = PBXBuildFile; fileRef = 534178B52567FFCB00EB2D11 /* CleanAirModules.framework */; settings = {ATTRIBUTES = (CodeSignOnCopy, RemoveHeadersOnCopy, ); }; };
		534179182568036200EB2D11 /* ResourcePresentationAdapter.swift in Sources */ = {isa = PBXBuildFile; fileRef = 534177C02567426D00EB2D11 /* ResourcePresentationAdapter.swift */; };
		5341791B2568037E00EB2D11 /* ResourcePresenter.swift in Sources */ = {isa = PBXBuildFile; fileRef = 5341779625673CBE00EB2D11 /* ResourcePresenter.swift */; };
		5341791E256803B900EB2D11 /* ResourceView.swift in Sources */ = {isa = PBXBuildFile; fileRef = 5341779D25673D0900EB2D11 /* ResourceView.swift */; };
		53417921256803BC00EB2D11 /* ResourceErrorView.swift in Sources */ = {isa = PBXBuildFile; fileRef = 534177A425673D9700EB2D11 /* ResourceErrorView.swift */; };
		53417924256803C000EB2D11 /* ResourceLoadingView.swift in Sources */ = {isa = PBXBuildFile; fileRef = 534177A025673D2C00EB2D11 /* ResourceLoadingView.swift */; };
		53417926256803C300EB2D11 /* CountriesPresenter.swift in Sources */ = {isa = PBXBuildFile; fileRef = 534178342567F4F900EB2D11 /* CountriesPresenter.swift */; };
		5341792B2568040300EB2D11 /* CleanAirPresentation.framework in Frameworks */ = {isa = PBXBuildFile; fileRef = 53417906256802E000EB2D11 /* CleanAirPresentation.framework */; };
		5341792C2568040300EB2D11 /* CleanAirPresentation.framework in Embed Frameworks */ = {isa = PBXBuildFile; fileRef = 53417906256802E000EB2D11 /* CleanAirPresentation.framework */; settings = {ATTRIBUTES = (CodeSignOnCopy, RemoveHeadersOnCopy, ); }; };
		534179342568056900EB2D11 /* CountriesListSwiftUIViewPreview.swift in Sources */ = {isa = PBXBuildFile; fileRef = 534179332568056900EB2D11 /* CountriesListSwiftUIViewPreview.swift */; };
		53417938256805B000EB2D11 /* CitiesListSwiftUIViewPreview.swift in Sources */ = {isa = PBXBuildFile; fileRef = 53417937256805B000EB2D11 /* CitiesListSwiftUIViewPreview.swift */; };
		5341794E256807AE00EB2D11 /* CoutryViewModel.swift in Sources */ = {isa = PBXBuildFile; fileRef = 5341794D256807AE00EB2D11 /* CoutryViewModel.swift */; };
		5341796A256809B000EB2D11 /* ResourceCacher.swift in Sources */ = {isa = PBXBuildFile; fileRef = 53417969256809B000EB2D11 /* ResourceCacher.swift */; };
		5341797125680A3600EB2D11 /* Storage.swift in Sources */ = {isa = PBXBuildFile; fileRef = 5341797025680A3600EB2D11 /* Storage.swift */; };
		5341797D25680DDF00EB2D11 /* RealmSwift in Frameworks */ = {isa = PBXBuildFile; productRef = 5341797C25680DDF00EB2D11 /* RealmSwift */; };
		5341797F25680DDF00EB2D11 /* Realm in Frameworks */ = {isa = PBXBuildFile; productRef = 5341797E25680DDF00EB2D11 /* Realm */; };
		5341798325680E1200EB2D11 /* RealmStorage.swift in Sources */ = {isa = PBXBuildFile; fileRef = 5341798225680E1200EB2D11 /* RealmStorage.swift */; };
		534179CB2568152A00EB2D11 /* LocalCountry.swift in Sources */ = {isa = PBXBuildFile; fileRef = 534179CA2568152A00EB2D11 /* LocalCountry.swift */; };
		534179D4256815F300EB2D11 /* CountriesStorageMapper.swift in Sources */ = {isa = PBXBuildFile; fileRef = 534179D3256815F300EB2D11 /* CountriesStorageMapper.swift */; };
		534179E9256816D600EB2D11 /* CountriesStorage.swift in Sources */ = {isa = PBXBuildFile; fileRef = 534179E8256816D600EB2D11 /* CountriesStorage.swift */; };
		5361E5DF25685D5700731693 /* CountriesCachePolicy.swift in Sources */ = {isa = PBXBuildFile; fileRef = 5361E5DE25685D5700731693 /* CountriesCachePolicy.swift */; };
		53C0478D25684A290026F0FB /* ResourceCache.swift in Sources */ = {isa = PBXBuildFile; fileRef = 53C0478C25684A290026F0FB /* ResourceCache.swift */; };
		53C0B0C3256870F300D7A8F3 /* CountriesCacheMapper.swift in Sources */ = {isa = PBXBuildFile; fileRef = 53C0B0C2256870F300D7A8F3 /* CountriesCacheMapper.swift */; };
/* End PBXBuildFile section */

/* Begin PBXContainerItemProxy section */
		5329888025681A8200813C7A /* PBXContainerItemProxy */ = {
			isa = PBXContainerItemProxy;
			containerPortal = 534177382567314300EB2D11 /* Project object */;
			proxyType = 1;
			remoteGlobalIDString = 534178B42567FFCB00EB2D11;
			remoteInfo = CleanAirModules;
		};
		534178FD256801CB00EB2D11 /* PBXContainerItemProxy */ = {
			isa = PBXContainerItemProxy;
			containerPortal = 534177382567314300EB2D11 /* Project object */;
			proxyType = 1;
			remoteGlobalIDString = 534178B42567FFCB00EB2D11;
			remoteInfo = CleanAirModules;
		};
		5341792D2568040300EB2D11 /* PBXContainerItemProxy */ = {
			isa = PBXContainerItemProxy;
			containerPortal = 534177382567314300EB2D11 /* Project object */;
			proxyType = 1;
			remoteGlobalIDString = 53417905256802E000EB2D11;
			remoteInfo = CleanAirPresentation;
		};
/* End PBXContainerItemProxy section */

/* Begin PBXCopyFilesBuildPhase section */
		5329888225681A8200813C7A /* Embed Frameworks */ = {
			isa = PBXCopyFilesBuildPhase;
			buildActionMask = 2147483647;
			dstPath = "";
			dstSubfolderSpec = 10;
			files = (
				5329887F25681A8200813C7A /* CleanAirModules.framework in Embed Frameworks */,
			);
			name = "Embed Frameworks";
			runOnlyForDeploymentPostprocessing = 0;
		};
		534178FF256801CB00EB2D11 /* Embed Frameworks */ = {
			isa = PBXCopyFilesBuildPhase;
			buildActionMask = 2147483647;
			dstPath = "";
			dstSubfolderSpec = 10;
			files = (
				534178FC256801CB00EB2D11 /* CleanAirModules.framework in Embed Frameworks */,
				5341792C2568040300EB2D11 /* CleanAirPresentation.framework in Embed Frameworks */,
			);
			name = "Embed Frameworks";
			runOnlyForDeploymentPostprocessing = 0;
		};
/* End PBXCopyFilesBuildPhase section */

/* Begin PBXFileReference section */
		5318224C25690BBF00731A3E /* CityViewModel.swift */ = {isa = PBXFileReference; lastKnownFileType = sourcecode.swift; path = CityViewModel.swift; sourceTree = "<group>"; };
		5318224F25690D0400731A3E /* CityViewModelMapper.swift */ = {isa = PBXFileReference; lastKnownFileType = sourcecode.swift; path = CityViewModelMapper.swift; sourceTree = "<group>"; };
		531E450E25687BF600388852 /* LocalCity.swift */ = {isa = PBXFileReference; lastKnownFileType = sourcecode.swift; path = LocalCity.swift; sourceTree = "<group>"; };
		531E451225687C5600388852 /* CitiesStorage.swift */ = {isa = PBXFileReference; lastKnownFileType = sourcecode.swift; path = CitiesStorage.swift; sourceTree = "<group>"; };
		531E451625687CB700388852 /* CitiesStorageMapper.swift */ = {isa = PBXFileReference; lastKnownFileType = sourcecode.swift; path = CitiesStorageMapper.swift; sourceTree = "<group>"; };
		531E451A25687DF900388852 /* FavouriteCityService.swift */ = {isa = PBXFileReference; lastKnownFileType = sourcecode.swift; path = FavouriteCityService.swift; sourceTree = "<group>"; };
		532988A82568206100813C7A /* CountriesLoaderWithCaching.swift */ = {isa = PBXFileReference; lastKnownFileType = sourcecode.swift; path = CountriesLoaderWithCaching.swift; sourceTree = "<group>"; };
		532988AE2568327300813C7A /* LocalCountryCache.swift */ = {isa = PBXFileReference; lastKnownFileType = sourcecode.swift; path = LocalCountryCache.swift; sourceTree = "<group>"; };
		534177402567314300EB2D11 /* CleanAir.app */ = {isa = PBXFileReference; explicitFileType = wrapper.application; includeInIndex = 0; path = CleanAir.app; sourceTree = BUILT_PRODUCTS_DIR; };
		534177472567314300EB2D11 /* ViewController.swift */ = {isa = PBXFileReference; lastKnownFileType = sourcecode.swift; path = ViewController.swift; sourceTree = "<group>"; };
		5341774C2567314400EB2D11 /* Assets.xcassets */ = {isa = PBXFileReference; lastKnownFileType = folder.assetcatalog; path = Assets.xcassets; sourceTree = "<group>"; };
		5341774F2567314400EB2D11 /* Base */ = {isa = PBXFileReference; lastKnownFileType = file.storyboard; name = Base; path = Base.lproj/LaunchScreen.storyboard; sourceTree = "<group>"; };
		534177512567314400EB2D11 /* Info.plist */ = {isa = PBXFileReference; lastKnownFileType = text.plist.xml; path = Info.plist; sourceTree = "<group>"; };
		5341775E256733C200EB2D11 /* HTTPClient.swift */ = {isa = PBXFileReference; lastKnownFileType = sourcecode.swift; path = HTTPClient.swift; sourceTree = "<group>"; };
		53417764256734E500EB2D11 /* URLSessionHTTPClient.swift */ = {isa = PBXFileReference; lastKnownFileType = sourcecode.swift; path = URLSessionHTTPClient.swift; sourceTree = "<group>"; };
		534177692567354100EB2D11 /* ResourceLoader.swift */ = {isa = PBXFileReference; lastKnownFileType = sourcecode.swift; path = ResourceLoader.swift; sourceTree = "<group>"; };
		53417774256737F300EB2D11 /* City.swift */ = {isa = PBXFileReference; lastKnownFileType = sourcecode.swift; path = City.swift; sourceTree = "<group>"; };
		534177792567386400EB2D11 /* CityMapper.swift */ = {isa = PBXFileReference; lastKnownFileType = sourcecode.swift; path = CityMapper.swift; sourceTree = "<group>"; };
		53417780256739E500EB2D11 /* Country.swift */ = {isa = PBXFileReference; lastKnownFileType = sourcecode.swift; path = Country.swift; sourceTree = "<group>"; };
		5341778525673A6300EB2D11 /* CountryMapper.swift */ = {isa = PBXFileReference; lastKnownFileType = sourcecode.swift; path = CountryMapper.swift; sourceTree = "<group>"; };
		5341778A25673AE800EB2D11 /* ResourceMapper.swift */ = {isa = PBXFileReference; lastKnownFileType = sourcecode.swift; path = ResourceMapper.swift; sourceTree = "<group>"; };
		5341779625673CBE00EB2D11 /* ResourcePresenter.swift */ = {isa = PBXFileReference; lastKnownFileType = sourcecode.swift; path = ResourcePresenter.swift; sourceTree = "<group>"; };
		5341779D25673D0900EB2D11 /* ResourceView.swift */ = {isa = PBXFileReference; lastKnownFileType = sourcecode.swift; path = ResourceView.swift; sourceTree = "<group>"; };
		534177A025673D2C00EB2D11 /* ResourceLoadingView.swift */ = {isa = PBXFileReference; lastKnownFileType = sourcecode.swift; path = ResourceLoadingView.swift; sourceTree = "<group>"; };
		534177A425673D9700EB2D11 /* ResourceErrorView.swift */ = {isa = PBXFileReference; lastKnownFileType = sourcecode.swift; path = ResourceErrorView.swift; sourceTree = "<group>"; };
		534177C02567426D00EB2D11 /* ResourcePresentationAdapter.swift */ = {isa = PBXFileReference; lastKnownFileType = sourcecode.swift; path = ResourcePresentationAdapter.swift; sourceTree = "<group>"; };
		534177C42567428C00EB2D11 /* CountriesLoader.swift */ = {isa = PBXFileReference; lastKnownFileType = sourcecode.swift; path = CountriesLoader.swift; sourceTree = "<group>"; };
		534177CA2567449900EB2D11 /* WeakRef.swift */ = {isa = PBXFileReference; lastKnownFileType = sourcecode.swift; path = WeakRef.swift; sourceTree = "<group>"; };
		534177CF256744F100EB2D11 /* CountriesUIComposer.swift */ = {isa = PBXFileReference; lastKnownFileType = sourcecode.swift; path = CountriesUIComposer.swift; sourceTree = "<group>"; };
		534177E42567C0D900EB2D11 /* AppDelegate.swift */ = {isa = PBXFileReference; fileEncoding = 4; lastKnownFileType = sourcecode.swift; path = AppDelegate.swift; sourceTree = "<group>"; };
		534177F02567C1D300EB2D11 /* CountriesListSwiftUIView.swift */ = {isa = PBXFileReference; lastKnownFileType = sourcecode.swift; path = CountriesListSwiftUIView.swift; sourceTree = "<group>"; };
		534177FA2567D12400EB2D11 /* CountriesListViewViewModel.swift */ = {isa = PBXFileReference; lastKnownFileType = sourcecode.swift; path = CountriesListViewViewModel.swift; sourceTree = "<group>"; };
		534178002567D7AC00EB2D11 /* APIURL.swift */ = {isa = PBXFileReference; lastKnownFileType = sourcecode.swift; path = APIURL.swift; sourceTree = "<group>"; };
		534178132567E4CA00EB2D11 /* ResourceListSwiftUIViewAdapter.swift */ = {isa = PBXFileReference; lastKnownFileType = sourcecode.swift; path = ResourceListSwiftUIViewAdapter.swift; sourceTree = "<group>"; };
		5341781E2567E9F900EB2D11 /* CitiesListSwiftUIView.swift */ = {isa = PBXFileReference; lastKnownFileType = sourcecode.swift; path = CitiesListSwiftUIView.swift; sourceTree = "<group>"; };
		534178252567EA3100EB2D11 /* CitiesListViewViewModel.swift */ = {isa = PBXFileReference; lastKnownFileType = sourcecode.swift; path = CitiesListViewViewModel.swift; sourceTree = "<group>"; };
		534178292567EE2300EB2D11 /* CitiesLoader.swift */ = {isa = PBXFileReference; lastKnownFileType = sourcecode.swift; path = CitiesLoader.swift; sourceTree = "<group>"; };
		5341782C2567EEC500EB2D11 /* CitiesUIComposer.swift */ = {isa = PBXFileReference; lastKnownFileType = sourcecode.swift; path = CitiesUIComposer.swift; sourceTree = "<group>"; };
		534178342567F4F900EB2D11 /* CountriesPresenter.swift */ = {isa = PBXFileReference; lastKnownFileType = sourcecode.swift; path = CountriesPresenter.swift; sourceTree = "<group>"; };
		534178B52567FFCB00EB2D11 /* CleanAirModules.framework */ = {isa = PBXFileReference; explicitFileType = wrapper.framework; includeInIndex = 0; path = CleanAirModules.framework; sourceTree = BUILT_PRODUCTS_DIR; };
		534178B82567FFCB00EB2D11 /* Info.plist */ = {isa = PBXFileReference; lastKnownFileType = text.plist.xml; path = Info.plist; sourceTree = "<group>"; };
		53417906256802E000EB2D11 /* CleanAirPresentation.framework */ = {isa = PBXFileReference; explicitFileType = wrapper.framework; includeInIndex = 0; path = CleanAirPresentation.framework; sourceTree = BUILT_PRODUCTS_DIR; };
		53417909256802E000EB2D11 /* Info.plist */ = {isa = PBXFileReference; lastKnownFileType = text.plist.xml; path = Info.plist; sourceTree = "<group>"; };
		534179332568056900EB2D11 /* CountriesListSwiftUIViewPreview.swift */ = {isa = PBXFileReference; lastKnownFileType = sourcecode.swift; path = CountriesListSwiftUIViewPreview.swift; sourceTree = "<group>"; };
		53417937256805B000EB2D11 /* CitiesListSwiftUIViewPreview.swift */ = {isa = PBXFileReference; lastKnownFileType = sourcecode.swift; path = CitiesListSwiftUIViewPreview.swift; sourceTree = "<group>"; };
		5341794D256807AE00EB2D11 /* CoutryViewModel.swift */ = {isa = PBXFileReference; lastKnownFileType = sourcecode.swift; path = CoutryViewModel.swift; sourceTree = "<group>"; };
		53417969256809B000EB2D11 /* ResourceCacher.swift */ = {isa = PBXFileReference; lastKnownFileType = sourcecode.swift; path = ResourceCacher.swift; sourceTree = "<group>"; };
		5341797025680A3600EB2D11 /* Storage.swift */ = {isa = PBXFileReference; lastKnownFileType = sourcecode.swift; path = Storage.swift; sourceTree = "<group>"; };
		5341798225680E1200EB2D11 /* RealmStorage.swift */ = {isa = PBXFileReference; lastKnownFileType = sourcecode.swift; path = RealmStorage.swift; sourceTree = "<group>"; };
		534179CA2568152A00EB2D11 /* LocalCountry.swift */ = {isa = PBXFileReference; lastKnownFileType = sourcecode.swift; path = LocalCountry.swift; sourceTree = "<group>"; };
		534179D3256815F300EB2D11 /* CountriesStorageMapper.swift */ = {isa = PBXFileReference; lastKnownFileType = sourcecode.swift; path = CountriesStorageMapper.swift; sourceTree = "<group>"; };
		534179E8256816D600EB2D11 /* CountriesStorage.swift */ = {isa = PBXFileReference; lastKnownFileType = sourcecode.swift; path = CountriesStorage.swift; sourceTree = "<group>"; };
		5361E5DE25685D5700731693 /* CountriesCachePolicy.swift */ = {isa = PBXFileReference; lastKnownFileType = sourcecode.swift; path = CountriesCachePolicy.swift; sourceTree = "<group>"; };
		53C0478C25684A290026F0FB /* ResourceCache.swift */ = {isa = PBXFileReference; lastKnownFileType = sourcecode.swift; path = ResourceCache.swift; sourceTree = "<group>"; };
		53C0B0C2256870F300D7A8F3 /* CountriesCacheMapper.swift */ = {isa = PBXFileReference; lastKnownFileType = sourcecode.swift; path = CountriesCacheMapper.swift; sourceTree = "<group>"; };
/* End PBXFileReference section */

/* Begin PBXFrameworksBuildPhase section */
		5341773D2567314300EB2D11 /* Frameworks */ = {
			isa = PBXFrameworksBuildPhase;
			buildActionMask = 2147483647;
			files = (
				534178FB256801CB00EB2D11 /* CleanAirModules.framework in Frameworks */,
				5341792B2568040300EB2D11 /* CleanAirPresentation.framework in Frameworks */,
			);
			runOnlyForDeploymentPostprocessing = 0;
		};
		534178B22567FFCB00EB2D11 /* Frameworks */ = {
			isa = PBXFrameworksBuildPhase;
			buildActionMask = 2147483647;
			files = (
				5341797F25680DDF00EB2D11 /* Realm in Frameworks */,
				5341797D25680DDF00EB2D11 /* RealmSwift in Frameworks */,
			);
			runOnlyForDeploymentPostprocessing = 0;
		};
		53417903256802E000EB2D11 /* Frameworks */ = {
			isa = PBXFrameworksBuildPhase;
			buildActionMask = 2147483647;
			files = (
				5329887E25681A8200813C7A /* CleanAirModules.framework in Frameworks */,
			);
			runOnlyForDeploymentPostprocessing = 0;
		};
/* End PBXFrameworksBuildPhase section */

/* Begin PBXGroup section */
		531E450825687BAE00388852 /* CitiesStorage */ = {
			isa = PBXGroup;
			children = (
				531E451225687C5600388852 /* CitiesStorage.swift */,
				531E451625687CB700388852 /* CitiesStorageMapper.swift */,
				531E450E25687BF600388852 /* LocalCity.swift */,
			);
			path = CitiesStorage;
			sourceTree = "<group>";
		};
		531E450A25687BB900388852 /* Cities */ = {
			isa = PBXGroup;
			children = (
				53417774256737F300EB2D11 /* City.swift */,
				531E450825687BAE00388852 /* CitiesStorage */,
				53417777256737FA00EB2D11 /* CitiesLoader */,
				531E451D25687DFD00388852 /* FavouriteCityService */,
			);
			path = Cities;
			sourceTree = "<group>";
		};
		531E451D25687DFD00388852 /* FavouriteCityService */ = {
			isa = PBXGroup;
			children = (
				531E451A25687DF900388852 /* FavouriteCityService.swift */,
			);
			path = FavouriteCityService;
			sourceTree = "<group>";
		};
		534177372567314300EB2D11 = {
			isa = PBXGroup;
			children = (
				534178B62567FFCB00EB2D11 /* CleanAirModules */,
				53417907256802E000EB2D11 /* CleanAirPresentation */,
				534177422567314300EB2D11 /* CleanAir */,
				534177412567314300EB2D11 /* Products */,
				534178FA256801CB00EB2D11 /* Frameworks */,
			);
			indentWidth = 2;
			sourceTree = "<group>";
			tabWidth = 2;
			usesTabs = 0;
		};
		534177412567314300EB2D11 /* Products */ = {
			isa = PBXGroup;
			children = (
				534177402567314300EB2D11 /* CleanAir.app */,
				534178B52567FFCB00EB2D11 /* CleanAirModules.framework */,
				53417906256802E000EB2D11 /* CleanAirPresentation.framework */,
			);
			name = Products;
			sourceTree = "<group>";
		};
		534177422567314300EB2D11 /* CleanAir */ = {
			isa = PBXGroup;
			children = (
				534177EC2567C19D00EB2D11 /* UI */,
				534177C82567447D00EB2D11 /* App_iOS */,
				534177472567314300EB2D11 /* ViewController.swift */,
				5341774C2567314400EB2D11 /* Assets.xcassets */,
				5341774E2567314400EB2D11 /* LaunchScreen.storyboard */,
				534177512567314400EB2D11 /* Info.plist */,
			);
			path = CleanAir;
			sourceTree = "<group>";
		};
		53417762256734B500EB2D11 /* HTTPClient */ = {
			isa = PBXGroup;
			children = (
				5341775E256733C200EB2D11 /* HTTPClient.swift */,
				53417767256734E800EB2D11 /* Infra */,
			);
			path = HTTPClient;
			sourceTree = "<group>";
		};
		53417767256734E800EB2D11 /* Infra */ = {
			isa = PBXGroup;
			children = (
				53417764256734E500EB2D11 /* URLSessionHTTPClient.swift */,
			);
			path = Infra;
			sourceTree = "<group>";
		};
		5341776C2567354F00EB2D11 /* ResourceLoader */ = {
			isa = PBXGroup;
			children = (
				5341778A25673AE800EB2D11 /* ResourceMapper.swift */,
				534177692567354100EB2D11 /* ResourceLoader.swift */,
			);
			path = ResourceLoader;
			sourceTree = "<group>";
		};
		53417777256737FA00EB2D11 /* CitiesLoader */ = {
			isa = PBXGroup;
			children = (
				534178292567EE2300EB2D11 /* CitiesLoader.swift */,
				5341777C2567386A00EB2D11 /* CitiesAPI */,
			);
			path = CitiesLoader;
			sourceTree = "<group>";
		};
		5341777C2567386A00EB2D11 /* CitiesAPI */ = {
			isa = PBXGroup;
			children = (
				534177792567386400EB2D11 /* CityMapper.swift */,
			);
			path = CitiesAPI;
			sourceTree = "<group>";
		};
		53417783256739ED00EB2D11 /* CountriesLoader */ = {
			isa = PBXGroup;
			children = (
				534177C42567428C00EB2D11 /* CountriesLoader.swift */,
				5341778825673A6700EB2D11 /* CoutriesAPI */,
			);
			path = CountriesLoader;
			sourceTree = "<group>";
		};
		5341778825673A6700EB2D11 /* CoutriesAPI */ = {
			isa = PBXGroup;
			children = (
				5341778525673A6300EB2D11 /* CountryMapper.swift */,
			);
			path = CoutriesAPI;
			sourceTree = "<group>";
		};
		5341779425673C8200EB2D11 /* Shared */ = {
			isa = PBXGroup;
			children = (
				53417762256734B500EB2D11 /* HTTPClient */,
				5341797425680A3A00EB2D11 /* Storage */,
				5341776C2567354F00EB2D11 /* ResourceLoader */,
				5341796D256809B300EB2D11 /* ResourceCache */,
			);
			path = Shared;
			sourceTree = "<group>";
		};
		534177C82567447D00EB2D11 /* App_iOS */ = {
			isa = PBXGroup;
			children = (
				534177E42567C0D900EB2D11 /* AppDelegate.swift */,
				534177CD256744C200EB2D11 /* Helpers */,
				534177CF256744F100EB2D11 /* CountriesUIComposer.swift */,
				5341782C2567EEC500EB2D11 /* CitiesUIComposer.swift */,
			);
			path = App_iOS;
			sourceTree = "<group>";
		};
		534177CD256744C200EB2D11 /* Helpers */ = {
			isa = PBXGroup;
			children = (
				534177CA2567449900EB2D11 /* WeakRef.swift */,
			);
			path = Helpers;
			sourceTree = "<group>";
		};
		534177EC2567C19D00EB2D11 /* UI */ = {
			isa = PBXGroup;
			children = (
				534178172567E4CE00EB2D11 /* Shared */,
				534177ED2567C1A400EB2D11 /* Countries */,
				534178212567EA0100EB2D11 /* Cities */,
			);
			path = UI;
			sourceTree = "<group>";
		};
		534177ED2567C1A400EB2D11 /* Countries */ = {
			isa = PBXGroup;
			children = (
				534179472568068B00EB2D11 /* ViewModels */,
				534177F32567C2CC00EB2D11 /* Views */,
				5341793E256805F600EB2D11 /* Previews */,
			);
			path = Countries;
			sourceTree = "<group>";
		};
		534177F32567C2CC00EB2D11 /* Views */ = {
			isa = PBXGroup;
			children = (
				534177F02567C1D300EB2D11 /* CountriesListSwiftUIView.swift */,
			);
			path = Views;
			sourceTree = "<group>";
		};
		534178032567D7B100EB2D11 /* API */ = {
			isa = PBXGroup;
			children = (
				534178002567D7AC00EB2D11 /* APIURL.swift */,
			);
			path = API;
			sourceTree = "<group>";
		};
		534178112567E41A00EB2D11 /* Shared */ = {
			isa = PBXGroup;
			children = (
				534177C02567426D00EB2D11 /* ResourcePresentationAdapter.swift */,
				5341779625673CBE00EB2D11 /* ResourcePresenter.swift */,
				5341779D25673D0900EB2D11 /* ResourceView.swift */,
				534177A425673D9700EB2D11 /* ResourceErrorView.swift */,
				534177A025673D2C00EB2D11 /* ResourceLoadingView.swift */,
			);
			path = Shared;
			sourceTree = "<group>";
		};
		534178172567E4CE00EB2D11 /* Shared */ = {
			isa = PBXGroup;
			children = (
				534178192567E4D500EB2D11 /* Views */,
			);
			path = Shared;
			sourceTree = "<group>";
		};
		534178192567E4D500EB2D11 /* Views */ = {
			isa = PBXGroup;
			children = (
				534178132567E4CA00EB2D11 /* ResourceListSwiftUIViewAdapter.swift */,
			);
			path = Views;
			sourceTree = "<group>";
		};
		534178212567EA0100EB2D11 /* Cities */ = {
			isa = PBXGroup;
			children = (
				5341794A2568069800EB2D11 /* ViewModels */,
				534178232567EA1600EB2D11 /* Views */,
				5341793B256805C900EB2D11 /* Previews */,
			);
			path = Cities;
			sourceTree = "<group>";
		};
		534178232567EA1600EB2D11 /* Views */ = {
			isa = PBXGroup;
			children = (
				5341781E2567E9F900EB2D11 /* CitiesListSwiftUIView.swift */,
			);
			path = Views;
			sourceTree = "<group>";
		};
		534178372567F4FD00EB2D11 /* Countries */ = {
			isa = PBXGroup;
			children = (
				5341794D256807AE00EB2D11 /* CoutryViewModel.swift */,
				534178342567F4F900EB2D11 /* CountriesPresenter.swift */,
			);
			path = Countries;
			sourceTree = "<group>";
		};
		534178B62567FFCB00EB2D11 /* CleanAirModules */ = {
			isa = PBXGroup;
			children = (
				534178032567D7B100EB2D11 /* API */,
				5341779425673C8200EB2D11 /* Shared */,
				531E450A25687BB900388852 /* Cities */,
				534179DC2568168600EB2D11 /* Countries */,
				534178B82567FFCB00EB2D11 /* Info.plist */,
			);
			path = CleanAirModules;
			sourceTree = "<group>";
		};
		534178FA256801CB00EB2D11 /* Frameworks */ = {
			isa = PBXGroup;
			children = (
			);
			name = Frameworks;
			sourceTree = "<group>";
		};
		53417907256802E000EB2D11 /* CleanAirPresentation */ = {
			isa = PBXGroup;
			children = (
				534178112567E41A00EB2D11 /* Shared */,
				534178372567F4FD00EB2D11 /* Countries */,
				53417957256807D800EB2D11 /* Cities */,
				53417909256802E000EB2D11 /* Info.plist */,
			);
			path = CleanAirPresentation;
			sourceTree = "<group>";
		};
		5341793B256805C900EB2D11 /* Previews */ = {
			isa = PBXGroup;
			children = (
				53417937256805B000EB2D11 /* CitiesListSwiftUIViewPreview.swift */,
			);
			path = Previews;
			sourceTree = "<group>";
		};
		5341793E256805F600EB2D11 /* Previews */ = {
			isa = PBXGroup;
			children = (
				534179332568056900EB2D11 /* CountriesListSwiftUIViewPreview.swift */,
			);
			path = Previews;
			sourceTree = "<group>";
		};
		534179472568068B00EB2D11 /* ViewModels */ = {
			isa = PBXGroup;
			children = (
				534177FA2567D12400EB2D11 /* CountriesListViewViewModel.swift */,
			);
			path = ViewModels;
			sourceTree = "<group>";
		};
		5341794A2568069800EB2D11 /* ViewModels */ = {
			isa = PBXGroup;
			children = (
				534178252567EA3100EB2D11 /* CitiesListViewViewModel.swift */,
				5318224C25690BBF00731A3E /* CityViewModel.swift */,
				5318224F25690D0400731A3E /* CityViewModelMapper.swift */,
			);
			path = ViewModels;
			sourceTree = "<group>";
		};
		53417957256807D800EB2D11 /* Cities */ = {
			isa = PBXGroup;
			children = (
			);
			path = Cities;
			sourceTree = "<group>";
		};
		5341796D256809B300EB2D11 /* ResourceCache */ = {
			isa = PBXGroup;
			children = (
				53C0478C25684A290026F0FB /* ResourceCache.swift */,
				53417969256809B000EB2D11 /* ResourceCacher.swift */,
			);
			path = ResourceCache;
			sourceTree = "<group>";
		};
		5341797425680A3A00EB2D11 /* Storage */ = {
			isa = PBXGroup;
			children = (
				5341797025680A3600EB2D11 /* Storage.swift */,
				5341798625680E1500EB2D11 /* Infra */,
			);
			path = Storage;
			sourceTree = "<group>";
		};
		5341798625680E1500EB2D11 /* Infra */ = {
			isa = PBXGroup;
			children = (
				5341798225680E1200EB2D11 /* RealmStorage.swift */,
			);
			path = Infra;
			sourceTree = "<group>";
		};
		534179CE2568153100EB2D11 /* CountriesStorage */ = {
			isa = PBXGroup;
			children = (
				534179E8256816D600EB2D11 /* CountriesStorage.swift */,
				534179D3256815F300EB2D11 /* CountriesStorageMapper.swift */,
				534179CA2568152A00EB2D11 /* LocalCountry.swift */,
			);
			path = CountriesStorage;
			sourceTree = "<group>";
		};
		534179DC2568168600EB2D11 /* Countries */ = {
			isa = PBXGroup;
			children = (
				53417780256739E500EB2D11 /* Country.swift */,
				532988A82568206100813C7A /* CountriesLoaderWithCaching.swift */,
				53417783256739ED00EB2D11 /* CountriesLoader */,
				53C0B0C0256870D000D7A8F3 /* CountriesCache */,
				534179CE2568153100EB2D11 /* CountriesStorage */,
			);
			path = Countries;
			sourceTree = "<group>";
		};
		53C0B0C0256870D000D7A8F3 /* CountriesCache */ = {
			isa = PBXGroup;
			children = (
				53C0B0C2256870F300D7A8F3 /* CountriesCacheMapper.swift */,
				5361E5DE25685D5700731693 /* CountriesCachePolicy.swift */,
				532988AE2568327300813C7A /* LocalCountryCache.swift */,
			);
			path = CountriesCache;
			sourceTree = "<group>";
		};
/* End PBXGroup section */

/* Begin PBXHeadersBuildPhase section */
		534178B02567FFCB00EB2D11 /* Headers */ = {
			isa = PBXHeadersBuildPhase;
			buildActionMask = 2147483647;
			files = (
			);
			runOnlyForDeploymentPostprocessing = 0;
		};
		53417901256802E000EB2D11 /* Headers */ = {
			isa = PBXHeadersBuildPhase;
			buildActionMask = 2147483647;
			files = (
			);
			runOnlyForDeploymentPostprocessing = 0;
		};
/* End PBXHeadersBuildPhase section */

/* Begin PBXNativeTarget section */
		5341773F2567314300EB2D11 /* CleanAir */ = {
			isa = PBXNativeTarget;
			buildConfigurationList = 534177542567314400EB2D11 /* Build configuration list for PBXNativeTarget "CleanAir" */;
			buildPhases = (
				5341773C2567314300EB2D11 /* Sources */,
				5341773D2567314300EB2D11 /* Frameworks */,
				5341773E2567314300EB2D11 /* Resources */,
				534178FF256801CB00EB2D11 /* Embed Frameworks */,
			);
			buildRules = (
			);
			dependencies = (
				534178FE256801CB00EB2D11 /* PBXTargetDependency */,
				5341792E2568040300EB2D11 /* PBXTargetDependency */,
			);
			name = CleanAir;
			productName = CleanAir;
			productReference = 534177402567314300EB2D11 /* CleanAir.app */;
			productType = "com.apple.product-type.application";
		};
		534178B42567FFCB00EB2D11 /* CleanAirModules */ = {
			isa = PBXNativeTarget;
			buildConfigurationList = 534178BA2567FFCB00EB2D11 /* Build configuration list for PBXNativeTarget "CleanAirModules" */;
			buildPhases = (
				534178B02567FFCB00EB2D11 /* Headers */,
				534178B12567FFCB00EB2D11 /* Sources */,
				534178B22567FFCB00EB2D11 /* Frameworks */,
				534178B32567FFCB00EB2D11 /* Resources */,
			);
			buildRules = (
			);
			dependencies = (
			);
			name = CleanAirModules;
			packageProductDependencies = (
				5341797C25680DDF00EB2D11 /* RealmSwift */,
				5341797E25680DDF00EB2D11 /* Realm */,
			);
			productName = CleanAirModules;
			productReference = 534178B52567FFCB00EB2D11 /* CleanAirModules.framework */;
			productType = "com.apple.product-type.framework";
		};
		53417905256802E000EB2D11 /* CleanAirPresentation */ = {
			isa = PBXNativeTarget;
			buildConfigurationList = 5341790B256802E000EB2D11 /* Build configuration list for PBXNativeTarget "CleanAirPresentation" */;
			buildPhases = (
				53417901256802E000EB2D11 /* Headers */,
				53417902256802E000EB2D11 /* Sources */,
				53417903256802E000EB2D11 /* Frameworks */,
				53417904256802E000EB2D11 /* Resources */,
				5329888225681A8200813C7A /* Embed Frameworks */,
			);
			buildRules = (
			);
			dependencies = (
				5329888125681A8200813C7A /* PBXTargetDependency */,
			);
			name = CleanAirPresentation;
			productName = CleanAirPresentation;
			productReference = 53417906256802E000EB2D11 /* CleanAirPresentation.framework */;
			productType = "com.apple.product-type.framework";
		};
/* End PBXNativeTarget section */

/* Begin PBXProject section */
		534177382567314300EB2D11 /* Project object */ = {
			isa = PBXProject;
			attributes = {
				LastSwiftUpdateCheck = 1220;
				LastUpgradeCheck = 1220;
				TargetAttributes = {
					5341773F2567314300EB2D11 = {
						CreatedOnToolsVersion = 12.2;
					};
					534178B42567FFCB00EB2D11 = {
						CreatedOnToolsVersion = 12.2;
					};
					53417905256802E000EB2D11 = {
						CreatedOnToolsVersion = 12.2;
					};
				};
			};
			buildConfigurationList = 5341773B2567314300EB2D11 /* Build configuration list for PBXProject "CleanAir" */;
			compatibilityVersion = "Xcode 9.3";
			developmentRegion = en;
			hasScannedForEncodings = 0;
			knownRegions = (
				en,
				Base,
			);
			mainGroup = 534177372567314300EB2D11;
			packageReferences = (
				5341797B25680DDF00EB2D11 /* XCRemoteSwiftPackageReference "realm-cocoa" */,
			);
			productRefGroup = 534177412567314300EB2D11 /* Products */;
			projectDirPath = "";
			projectRoot = "";
			targets = (
				5341773F2567314300EB2D11 /* CleanAir */,
				534178B42567FFCB00EB2D11 /* CleanAirModules */,
				53417905256802E000EB2D11 /* CleanAirPresentation */,
			);
		};
/* End PBXProject section */

/* Begin PBXResourcesBuildPhase section */
		5341773E2567314300EB2D11 /* Resources */ = {
			isa = PBXResourcesBuildPhase;
			buildActionMask = 2147483647;
			files = (
				534177502567314400EB2D11 /* LaunchScreen.storyboard in Resources */,
				5341774D2567314400EB2D11 /* Assets.xcassets in Resources */,
			);
			runOnlyForDeploymentPostprocessing = 0;
		};
		534178B32567FFCB00EB2D11 /* Resources */ = {
			isa = PBXResourcesBuildPhase;
			buildActionMask = 2147483647;
			files = (
			);
			runOnlyForDeploymentPostprocessing = 0;
		};
		53417904256802E000EB2D11 /* Resources */ = {
			isa = PBXResourcesBuildPhase;
			buildActionMask = 2147483647;
			files = (
			);
			runOnlyForDeploymentPostprocessing = 0;
		};
/* End PBXResourcesBuildPhase section */

/* Begin PBXSourcesBuildPhase section */
		5341773C2567314300EB2D11 /* Sources */ = {
			isa = PBXSourcesBuildPhase;
			buildActionMask = 2147483647;
			files = (
				5318225025690D0400731A3E /* CityViewModelMapper.swift in Sources */,
				534177482567314300EB2D11 /* ViewController.swift in Sources */,
				534178262567EA3100EB2D11 /* CitiesListViewViewModel.swift in Sources */,
				53417938256805B000EB2D11 /* CitiesListSwiftUIViewPreview.swift in Sources */,
				5341781F2567E9FA00EB2D11 /* CitiesListSwiftUIView.swift in Sources */,
				534177E52567C0D900EB2D11 /* AppDelegate.swift in Sources */,
				534178142567E4CA00EB2D11 /* ResourceListSwiftUIViewAdapter.swift in Sources */,
				534177FB2567D12400EB2D11 /* CountriesListViewViewModel.swift in Sources */,
				5341782D2567EEC500EB2D11 /* CitiesUIComposer.swift in Sources */,
				534177D0256744F100EB2D11 /* CountriesUIComposer.swift in Sources */,
				534179342568056900EB2D11 /* CountriesListSwiftUIViewPreview.swift in Sources */,
				5318224D25690BBF00731A3E /* CityViewModel.swift in Sources */,
				534177F12567C1D300EB2D11 /* CountriesListSwiftUIView.swift in Sources */,
				534177CB2567449900EB2D11 /* WeakRef.swift in Sources */,
			);
			runOnlyForDeploymentPostprocessing = 0;
		};
		534178B12567FFCB00EB2D11 /* Sources */ = {
			isa = PBXSourcesBuildPhase;
			buildActionMask = 2147483647;
			files = (
				534178D42568011A00EB2D11 /* ResourceMapper.swift in Sources */,
				534178E62568015100EB2D11 /* CityMapper.swift in Sources */,
				53C0478D25684A290026F0FB /* ResourceCache.swift in Sources */,
				534178F52568018D00EB2D11 /* CountryMapper.swift in Sources */,
				534178E32568014700EB2D11 /* CitiesLoader.swift in Sources */,
				534178CA256800D900EB2D11 /* HTTPClient.swift in Sources */,
				534179E9256816D600EB2D11 /* CountriesStorage.swift in Sources */,
				5341796A256809B000EB2D11 /* ResourceCacher.swift in Sources */,
				534179CB2568152A00EB2D11 /* LocalCountry.swift in Sources */,
				532988AF2568327300813C7A /* LocalCountryCache.swift in Sources */,
				534178DC2568013900EB2D11 /* City.swift in Sources */,
				534178D92568013000EB2D11 /* ResourceLoader.swift in Sources */,
				531E451B25687DF900388852 /* FavouriteCityService.swift in Sources */,
				531E451325687C5600388852 /* CitiesStorage.swift in Sources */,
				53C0B0C3256870F300D7A8F3 /* CountriesCacheMapper.swift in Sources */,
				5341798325680E1200EB2D11 /* RealmStorage.swift in Sources */,
				531E450F25687BF600388852 /* LocalCity.swift in Sources */,
				534178C5256800D300EB2D11 /* APIURL.swift in Sources */,
				532988A92568206100813C7A /* CountriesLoaderWithCaching.swift in Sources */,
				5341797125680A3600EB2D11 /* Storage.swift in Sources */,
				5361E5DF25685D5700731693 /* CountriesCachePolicy.swift in Sources */,
				531E451725687CB700388852 /* CitiesStorageMapper.swift in Sources */,
				534179D4256815F300EB2D11 /* CountriesStorageMapper.swift in Sources */,
				534178F02568017F00EB2D11 /* Country.swift in Sources */,
				532988A025681CB000813C7A /* CountriesLoader.swift in Sources */,
				534178CD256800EC00EB2D11 /* URLSessionHTTPClient.swift in Sources */,
			);
			runOnlyForDeploymentPostprocessing = 0;
		};
		53417902256802E000EB2D11 /* Sources */ = {
			isa = PBXSourcesBuildPhase;
			buildActionMask = 2147483647;
			files = (
				5341794E256807AE00EB2D11 /* CoutryViewModel.swift in Sources */,
				5341791B2568037E00EB2D11 /* ResourcePresenter.swift in Sources */,
				534179182568036200EB2D11 /* ResourcePresentationAdapter.swift in Sources */,
				53417924256803C000EB2D11 /* ResourceLoadingView.swift in Sources */,
				5341791E256803B900EB2D11 /* ResourceView.swift in Sources */,
				53417921256803BC00EB2D11 /* ResourceErrorView.swift in Sources */,
				53417926256803C300EB2D11 /* CountriesPresenter.swift in Sources */,
			);
			runOnlyForDeploymentPostprocessing = 0;
		};
/* End PBXSourcesBuildPhase section */

/* Begin PBXTargetDependency section */
		5329888125681A8200813C7A /* PBXTargetDependency */ = {
			isa = PBXTargetDependency;
			target = 534178B42567FFCB00EB2D11 /* CleanAirModules */;
			targetProxy = 5329888025681A8200813C7A /* PBXContainerItemProxy */;
		};
		534178FE256801CB00EB2D11 /* PBXTargetDependency */ = {
			isa = PBXTargetDependency;
			target = 534178B42567FFCB00EB2D11 /* CleanAirModules */;
			targetProxy = 534178FD256801CB00EB2D11 /* PBXContainerItemProxy */;
		};
		5341792E2568040300EB2D11 /* PBXTargetDependency */ = {
			isa = PBXTargetDependency;
			target = 53417905256802E000EB2D11 /* CleanAirPresentation */;
			targetProxy = 5341792D2568040300EB2D11 /* PBXContainerItemProxy */;
		};
/* End PBXTargetDependency section */

/* Begin PBXVariantGroup section */
		5341774E2567314400EB2D11 /* LaunchScreen.storyboard */ = {
			isa = PBXVariantGroup;
			children = (
				5341774F2567314400EB2D11 /* Base */,
			);
			name = LaunchScreen.storyboard;
			sourceTree = "<group>";
		};
/* End PBXVariantGroup section */

/* Begin XCBuildConfiguration section */
		534177522567314400EB2D11 /* Debug */ = {
			isa = XCBuildConfiguration;
			buildSettings = {
				ALWAYS_SEARCH_USER_PATHS = NO;
				CLANG_ANALYZER_NONNULL = YES;
				CLANG_ANALYZER_NUMBER_OBJECT_CONVERSION = YES_AGGRESSIVE;
				CLANG_CXX_LANGUAGE_STANDARD = "gnu++14";
				CLANG_CXX_LIBRARY = "libc++";
				CLANG_ENABLE_MODULES = YES;
				CLANG_ENABLE_OBJC_ARC = YES;
				CLANG_ENABLE_OBJC_WEAK = YES;
				CLANG_WARN_BLOCK_CAPTURE_AUTORELEASING = YES;
				CLANG_WARN_BOOL_CONVERSION = YES;
				CLANG_WARN_COMMA = YES;
				CLANG_WARN_CONSTANT_CONVERSION = YES;
				CLANG_WARN_DEPRECATED_OBJC_IMPLEMENTATIONS = YES;
				CLANG_WARN_DIRECT_OBJC_ISA_USAGE = YES_ERROR;
				CLANG_WARN_DOCUMENTATION_COMMENTS = YES;
				CLANG_WARN_EMPTY_BODY = YES;
				CLANG_WARN_ENUM_CONVERSION = YES;
				CLANG_WARN_INFINITE_RECURSION = YES;
				CLANG_WARN_INT_CONVERSION = YES;
				CLANG_WARN_NON_LITERAL_NULL_CONVERSION = YES;
				CLANG_WARN_OBJC_IMPLICIT_RETAIN_SELF = YES;
				CLANG_WARN_OBJC_LITERAL_CONVERSION = YES;
				CLANG_WARN_OBJC_ROOT_CLASS = YES_ERROR;
				CLANG_WARN_QUOTED_INCLUDE_IN_FRAMEWORK_HEADER = YES;
				CLANG_WARN_RANGE_LOOP_ANALYSIS = YES;
				CLANG_WARN_STRICT_PROTOTYPES = YES;
				CLANG_WARN_SUSPICIOUS_MOVE = YES;
				CLANG_WARN_UNGUARDED_AVAILABILITY = YES_AGGRESSIVE;
				CLANG_WARN_UNREACHABLE_CODE = YES;
				CLANG_WARN__DUPLICATE_METHOD_MATCH = YES;
				COPY_PHASE_STRIP = NO;
				DEBUG_INFORMATION_FORMAT = dwarf;
				ENABLE_STRICT_OBJC_MSGSEND = YES;
				ENABLE_TESTABILITY = YES;
				GCC_C_LANGUAGE_STANDARD = gnu11;
				GCC_DYNAMIC_NO_PIC = NO;
				GCC_NO_COMMON_BLOCKS = YES;
				GCC_OPTIMIZATION_LEVEL = 0;
				GCC_PREPROCESSOR_DEFINITIONS = (
					"DEBUG=1",
					"$(inherited)",
				);
				GCC_WARN_64_TO_32_BIT_CONVERSION = YES;
				GCC_WARN_ABOUT_RETURN_TYPE = YES_ERROR;
				GCC_WARN_UNDECLARED_SELECTOR = YES;
				GCC_WARN_UNINITIALIZED_AUTOS = YES_AGGRESSIVE;
				GCC_WARN_UNUSED_FUNCTION = YES;
				GCC_WARN_UNUSED_VARIABLE = YES;
				IPHONEOS_DEPLOYMENT_TARGET = 14.2;
				MTL_ENABLE_DEBUG_INFO = INCLUDE_SOURCE;
				MTL_FAST_MATH = YES;
				ONLY_ACTIVE_ARCH = YES;
				SDKROOT = iphoneos;
				SWIFT_ACTIVE_COMPILATION_CONDITIONS = DEBUG;
				SWIFT_OPTIMIZATION_LEVEL = "-Onone";
			};
			name = Debug;
		};
		534177532567314400EB2D11 /* Release */ = {
			isa = XCBuildConfiguration;
			buildSettings = {
				ALWAYS_SEARCH_USER_PATHS = NO;
				CLANG_ANALYZER_NONNULL = YES;
				CLANG_ANALYZER_NUMBER_OBJECT_CONVERSION = YES_AGGRESSIVE;
				CLANG_CXX_LANGUAGE_STANDARD = "gnu++14";
				CLANG_CXX_LIBRARY = "libc++";
				CLANG_ENABLE_MODULES = YES;
				CLANG_ENABLE_OBJC_ARC = YES;
				CLANG_ENABLE_OBJC_WEAK = YES;
				CLANG_WARN_BLOCK_CAPTURE_AUTORELEASING = YES;
				CLANG_WARN_BOOL_CONVERSION = YES;
				CLANG_WARN_COMMA = YES;
				CLANG_WARN_CONSTANT_CONVERSION = YES;
				CLANG_WARN_DEPRECATED_OBJC_IMPLEMENTATIONS = YES;
				CLANG_WARN_DIRECT_OBJC_ISA_USAGE = YES_ERROR;
				CLANG_WARN_DOCUMENTATION_COMMENTS = YES;
				CLANG_WARN_EMPTY_BODY = YES;
				CLANG_WARN_ENUM_CONVERSION = YES;
				CLANG_WARN_INFINITE_RECURSION = YES;
				CLANG_WARN_INT_CONVERSION = YES;
				CLANG_WARN_NON_LITERAL_NULL_CONVERSION = YES;
				CLANG_WARN_OBJC_IMPLICIT_RETAIN_SELF = YES;
				CLANG_WARN_OBJC_LITERAL_CONVERSION = YES;
				CLANG_WARN_OBJC_ROOT_CLASS = YES_ERROR;
				CLANG_WARN_QUOTED_INCLUDE_IN_FRAMEWORK_HEADER = YES;
				CLANG_WARN_RANGE_LOOP_ANALYSIS = YES;
				CLANG_WARN_STRICT_PROTOTYPES = YES;
				CLANG_WARN_SUSPICIOUS_MOVE = YES;
				CLANG_WARN_UNGUARDED_AVAILABILITY = YES_AGGRESSIVE;
				CLANG_WARN_UNREACHABLE_CODE = YES;
				CLANG_WARN__DUPLICATE_METHOD_MATCH = YES;
				COPY_PHASE_STRIP = NO;
				DEBUG_INFORMATION_FORMAT = "dwarf-with-dsym";
				ENABLE_NS_ASSERTIONS = NO;
				ENABLE_STRICT_OBJC_MSGSEND = YES;
				GCC_C_LANGUAGE_STANDARD = gnu11;
				GCC_NO_COMMON_BLOCKS = YES;
				GCC_WARN_64_TO_32_BIT_CONVERSION = YES;
				GCC_WARN_ABOUT_RETURN_TYPE = YES_ERROR;
				GCC_WARN_UNDECLARED_SELECTOR = YES;
				GCC_WARN_UNINITIALIZED_AUTOS = YES_AGGRESSIVE;
				GCC_WARN_UNUSED_FUNCTION = YES;
				GCC_WARN_UNUSED_VARIABLE = YES;
				IPHONEOS_DEPLOYMENT_TARGET = 14.2;
				MTL_ENABLE_DEBUG_INFO = NO;
				MTL_FAST_MATH = YES;
				SDKROOT = iphoneos;
				SWIFT_COMPILATION_MODE = wholemodule;
				SWIFT_OPTIMIZATION_LEVEL = "-O";
				VALIDATE_PRODUCT = YES;
			};
			name = Release;
		};
		534177552567314400EB2D11 /* Debug */ = {
			isa = XCBuildConfiguration;
			buildSettings = {
				ASSETCATALOG_COMPILER_APPICON_NAME = AppIcon;
				ASSETCATALOG_COMPILER_GLOBAL_ACCENT_COLOR_NAME = AccentColor;
				CODE_SIGN_STYLE = Automatic;
				DEVELOPMENT_TEAM = 54PNV7AZ7G;
				INFOPLIST_FILE = CleanAir/Info.plist;
				IPHONEOS_DEPLOYMENT_TARGET = 13.0;
				LD_RUNPATH_SEARCH_PATHS = (
					"$(inherited)",
					"@executable_path/Frameworks",
				);
				PRODUCT_BUNDLE_IDENTIFIER = com.markoengelman.CleanAir;
				PRODUCT_NAME = "$(TARGET_NAME)";
				SWIFT_VERSION = 5.0;
				TARGETED_DEVICE_FAMILY = 1;
			};
			name = Debug;
		};
		534177562567314400EB2D11 /* Release */ = {
			isa = XCBuildConfiguration;
			buildSettings = {
				ASSETCATALOG_COMPILER_APPICON_NAME = AppIcon;
				ASSETCATALOG_COMPILER_GLOBAL_ACCENT_COLOR_NAME = AccentColor;
				CODE_SIGN_STYLE = Automatic;
				DEVELOPMENT_TEAM = 54PNV7AZ7G;
				INFOPLIST_FILE = CleanAir/Info.plist;
				IPHONEOS_DEPLOYMENT_TARGET = 13.0;
				LD_RUNPATH_SEARCH_PATHS = (
					"$(inherited)",
					"@executable_path/Frameworks",
				);
				PRODUCT_BUNDLE_IDENTIFIER = com.markoengelman.CleanAir;
				PRODUCT_NAME = "$(TARGET_NAME)";
				SWIFT_VERSION = 5.0;
				TARGETED_DEVICE_FAMILY = 1;
			};
			name = Release;
		};
		534178BB2567FFCB00EB2D11 /* Debug */ = {
			isa = XCBuildConfiguration;
			buildSettings = {
				CODE_SIGN_STYLE = Automatic;
				COMBINE_HIDPI_IMAGES = YES;
				CURRENT_PROJECT_VERSION = 1;
				DEFINES_MODULE = YES;
				DEVELOPMENT_TEAM = 54PNV7AZ7G;
				DYLIB_COMPATIBILITY_VERSION = 1;
				DYLIB_CURRENT_VERSION = 1;
				DYLIB_INSTALL_NAME_BASE = "@rpath";
				INFOPLIST_FILE = CleanAirModules/Info.plist;
				INSTALL_PATH = "$(LOCAL_LIBRARY_DIR)/Frameworks";
				IPHONEOS_DEPLOYMENT_TARGET = 13.0;
				LD_RUNPATH_SEARCH_PATHS = (
					"$(inherited)",
					"@executable_path/../Frameworks",
					"@loader_path/Frameworks",
				);
				MACOSX_DEPLOYMENT_TARGET = 11.0;
				PRODUCT_BUNDLE_IDENTIFIER = com.markoengelman.cleanAir.CleanAirModules;
				PRODUCT_NAME = "$(TARGET_NAME:c99extidentifier)";
				SDKROOT = macosx;
				SKIP_INSTALL = YES;
				SUPPORTED_PLATFORMS = "iphonesimulator iphoneos macosx";
				SWIFT_VERSION = 5.0;
				VERSIONING_SYSTEM = "apple-generic";
				VERSION_INFO_PREFIX = "";
			};
			name = Debug;
		};
		534178BC2567FFCB00EB2D11 /* Release */ = {
			isa = XCBuildConfiguration;
			buildSettings = {
				CODE_SIGN_STYLE = Automatic;
				COMBINE_HIDPI_IMAGES = YES;
				CURRENT_PROJECT_VERSION = 1;
				DEFINES_MODULE = YES;
				DEVELOPMENT_TEAM = 54PNV7AZ7G;
				DYLIB_COMPATIBILITY_VERSION = 1;
				DYLIB_CURRENT_VERSION = 1;
				DYLIB_INSTALL_NAME_BASE = "@rpath";
				INFOPLIST_FILE = CleanAirModules/Info.plist;
				INSTALL_PATH = "$(LOCAL_LIBRARY_DIR)/Frameworks";
				IPHONEOS_DEPLOYMENT_TARGET = 13.0;
				LD_RUNPATH_SEARCH_PATHS = (
					"$(inherited)",
					"@executable_path/../Frameworks",
					"@loader_path/Frameworks",
				);
				MACOSX_DEPLOYMENT_TARGET = 11.0;
				PRODUCT_BUNDLE_IDENTIFIER = com.markoengelman.cleanAir.CleanAirModules;
				PRODUCT_NAME = "$(TARGET_NAME:c99extidentifier)";
				SDKROOT = macosx;
				SKIP_INSTALL = YES;
				SUPPORTED_PLATFORMS = "iphonesimulator iphoneos macosx";
				SWIFT_VERSION = 5.0;
				VERSIONING_SYSTEM = "apple-generic";
				VERSION_INFO_PREFIX = "";
			};
			name = Release;
		};
		5341790C256802E000EB2D11 /* Debug */ = {
			isa = XCBuildConfiguration;
			buildSettings = {
				CODE_SIGN_STYLE = Automatic;
				COMBINE_HIDPI_IMAGES = YES;
				CURRENT_PROJECT_VERSION = 1;
				DEFINES_MODULE = YES;
				DEVELOPMENT_TEAM = 54PNV7AZ7G;
				DYLIB_COMPATIBILITY_VERSION = 1;
				DYLIB_CURRENT_VERSION = 1;
				DYLIB_INSTALL_NAME_BASE = "@rpath";
				INFOPLIST_FILE = CleanAirPresentation/Info.plist;
				INSTALL_PATH = "$(LOCAL_LIBRARY_DIR)/Frameworks";
				IPHONEOS_DEPLOYMENT_TARGET = 13.0;
				LD_RUNPATH_SEARCH_PATHS = (
					"$(inherited)",
					"@executable_path/../Frameworks",
					"@loader_path/Frameworks",
				);
				MACOSX_DEPLOYMENT_TARGET = 11.0;
				PRODUCT_BUNDLE_IDENTIFIER = com.markoengelman.cleanAir.CleanAirPresentation;
				PRODUCT_NAME = "$(TARGET_NAME:c99extidentifier)";
				SDKROOT = macosx;
				SKIP_INSTALL = YES;
				SUPPORTED_PLATFORMS = "macosx iphoneos iphonesimulator";
				SWIFT_VERSION = 5.0;
				VERSIONING_SYSTEM = "apple-generic";
				VERSION_INFO_PREFIX = "";
			};
			name = Debug;
		};
		5341790D256802E000EB2D11 /* Release */ = {
			isa = XCBuildConfiguration;
			buildSettings = {
				CODE_SIGN_STYLE = Automatic;
				COMBINE_HIDPI_IMAGES = YES;
				CURRENT_PROJECT_VERSION = 1;
				DEFINES_MODULE = YES;
				DEVELOPMENT_TEAM = 54PNV7AZ7G;
				DYLIB_COMPATIBILITY_VERSION = 1;
				DYLIB_CURRENT_VERSION = 1;
				DYLIB_INSTALL_NAME_BASE = "@rpath";
				INFOPLIST_FILE = CleanAirPresentation/Info.plist;
				INSTALL_PATH = "$(LOCAL_LIBRARY_DIR)/Frameworks";
				IPHONEOS_DEPLOYMENT_TARGET = 13.0;
				LD_RUNPATH_SEARCH_PATHS = (
					"$(inherited)",
					"@executable_path/../Frameworks",
					"@loader_path/Frameworks",
				);
				MACOSX_DEPLOYMENT_TARGET = 11.0;
				PRODUCT_BUNDLE_IDENTIFIER = com.markoengelman.cleanAir.CleanAirPresentation;
				PRODUCT_NAME = "$(TARGET_NAME:c99extidentifier)";
				SDKROOT = macosx;
				SKIP_INSTALL = YES;
				SUPPORTED_PLATFORMS = "macosx iphoneos iphonesimulator";
				SWIFT_VERSION = 5.0;
				VERSIONING_SYSTEM = "apple-generic";
				VERSION_INFO_PREFIX = "";
			};
			name = Release;
		};
/* End XCBuildConfiguration section */

/* Begin XCConfigurationList section */
		5341773B2567314300EB2D11 /* Build configuration list for PBXProject "CleanAir" */ = {
			isa = XCConfigurationList;
			buildConfigurations = (
				534177522567314400EB2D11 /* Debug */,
				534177532567314400EB2D11 /* Release */,
			);
			defaultConfigurationIsVisible = 0;
			defaultConfigurationName = Release;
		};
		534177542567314400EB2D11 /* Build configuration list for PBXNativeTarget "CleanAir" */ = {
			isa = XCConfigurationList;
			buildConfigurations = (
				534177552567314400EB2D11 /* Debug */,
				534177562567314400EB2D11 /* Release */,
			);
			defaultConfigurationIsVisible = 0;
			defaultConfigurationName = Release;
		};
		534178BA2567FFCB00EB2D11 /* Build configuration list for PBXNativeTarget "CleanAirModules" */ = {
			isa = XCConfigurationList;
			buildConfigurations = (
				534178BB2567FFCB00EB2D11 /* Debug */,
				534178BC2567FFCB00EB2D11 /* Release */,
			);
			defaultConfigurationIsVisible = 0;
			defaultConfigurationName = Release;
		};
		5341790B256802E000EB2D11 /* Build configuration list for PBXNativeTarget "CleanAirPresentation" */ = {
			isa = XCConfigurationList;
			buildConfigurations = (
				5341790C256802E000EB2D11 /* Debug */,
				5341790D256802E000EB2D11 /* Release */,
			);
			defaultConfigurationIsVisible = 0;
			defaultConfigurationName = Release;
		};
/* End XCConfigurationList section */

/* Begin XCRemoteSwiftPackageReference section */
		5341797B25680DDF00EB2D11 /* XCRemoteSwiftPackageReference "realm-cocoa" */ = {
			isa = XCRemoteSwiftPackageReference;
			repositoryURL = "https://github.com/realm/realm-cocoa";
			requirement = {
				kind = exactVersion;
				version = 10.1.4;
			};
		};
/* End XCRemoteSwiftPackageReference section */

/* Begin XCSwiftPackageProductDependency section */
		5341797C25680DDF00EB2D11 /* RealmSwift */ = {
			isa = XCSwiftPackageProductDependency;
			package = 5341797B25680DDF00EB2D11 /* XCRemoteSwiftPackageReference "realm-cocoa" */;
			productName = RealmSwift;
		};
		5341797E25680DDF00EB2D11 /* Realm */ = {
			isa = XCSwiftPackageProductDependency;
			package = 5341797B25680DDF00EB2D11 /* XCRemoteSwiftPackageReference "realm-cocoa" */;
			productName = Realm;
		};
/* End XCSwiftPackageProductDependency section */
	};
	rootObject = 534177382567314300EB2D11 /* Project object */;
}
